version: 1.0
shards:
  kemal:
    git: https://github.com/sdogruyol/kemal.git
    commit: bc764b7af7c53b026d6fae6560af4e8e387a3cf3

  kilt:
    github: jeromegn/kilt
    version: 0.3.3

  multipart:
    github: RX14/multipart.cr
    version: 0.1.0

  radix:
    github: luislavena/radix
    version: 0.3.4

